
Microsoft Visual Studio Solution File, Format Version 12.00
# Visual Studio 15
VisualStudioVersion = 15.0.28307.757
MinimumVisualStudioVersion = 10.0.40219.1
Project("{FAE04EC0-301F-11D3-BF4B-00C04F79EFBC}") = "Zork", "Zork\Zork.csproj", "{641BFBA8-07CE-4BA6-97C8-48066C687D96}"
EndProject
Global
	GlobalSection(SolutionConfigurationPlatforms) = preSolution
		Debug|Any CPU = Debug|Any CPU
		Release|Any CPU = Release|Any CPU
	EndGlobalSection
	GlobalSection(ProjectConfigurationPlatforms) = postSolution
		{641BFBA8-07CE-4BA6-97C8-48066C687D96}.Debug|Any CPU.ActiveCfg = Debug|Any CPU
		{641BFBA8-07CE-4BA6-97C8-48066C687D96}.Debug|Any CPU.Build.0 = Debug|Any CPU
		{641BFBA8-07CE-4BA6-97C8-48066C687D96}.Release|Any CPU.ActiveCfg = Release|Any CPU
		{641BFBA8-07CE-4BA6-97C8-48066C687D96}.Release|Any CPU.Build.0 = Release|Any CPU
	EndGlobalSection
	GlobalSection(SolutionProperties) = preSolution
		HideSolutionNode = FALSE
	EndGlobalSection
	GlobalSection(ExtensibilityGlobals) = postSolution
		SolutionGuid = {2E2206CA-A23A-4867-836E-D23DB49C1612}
	EndGlobalSection
EndGlobal
